
Microsoft Visual Studio Solution File, Format Version 12.00
# Visual Studio Version 17
Project("{8BC9CEB8-8B4A-11D0-8D11-00A0C91BC942}") = "ALL_BUILD", "ALL_BUILD.vcxproj", "{335475BA-D91D-31FF-8041-1735B5A366A5}"
	ProjectSection(ProjectDependencies) = postProject
		{B9D021E6-9568-3E06-A9B7-F8CE4E9488C4} = {B9D021E6-9568-3E06-A9B7-F8CE4E9488C4}
		{816FD75E-A6FC-3EC8-A608-BF8C135CAAD0} = {816FD75E-A6FC-3EC8-A608-BF8C135CAAD0}
	EndProjectSection
EndProject
Project("{8BC9CEB8-8B4A-11D0-8D11-00A0C91BC942}") = "ZERO_CHECK", "ZERO_CHECK.vcxproj", "{B9D021E6-9568-3E06-A9B7-F8CE4E9488C4}"
	ProjectSection(ProjectDependencies) = postProject
	EndProjectSection
EndProject
Project("{8BC9CEB8-8B4A-11D0-8D11-00A0C91BC942}") = "lab1", "lab1.vcxproj", "{816FD75E-A6FC-3EC8-A608-BF8C135CAAD0}"
	ProjectSection(ProjectDependencies) = postProject
		{B9D021E6-9568-3E06-A9B7-F8CE4E9488C4} = {B9D021E6-9568-3E06-A9B7-F8CE4E9488C4}
	EndProjectSection
EndProject
Global
	GlobalSection(SolutionConfigurationPlatforms) = preSolution
		Debug|x64 = Debug|x64
		Release|x64 = Release|x64
		MinSizeRel|x64 = MinSizeRel|x64
		RelWithDebInfo|x64 = RelWithDebInfo|x64
	EndGlobalSection
	GlobalSection(ProjectConfigurationPlatforms) = postSolution
		{335475BA-D91D-31FF-8041-1735B5A366A5}.Debug|x64.ActiveCfg = Debug|x64
		{335475BA-D91D-31FF-8041-1735B5A366A5}.Release|x64.ActiveCfg = Release|x64
		{335475BA-D91D-31FF-8041-1735B5A366A5}.MinSizeRel|x64.ActiveCfg = MinSizeRel|x64
		{335475BA-D91D-31FF-8041-1735B5A366A5}.RelWithDebInfo|x64.ActiveCfg = RelWithDebInfo|x64
		{B9D021E6-9568-3E06-A9B7-F8CE4E9488C4}.Debug|x64.ActiveCfg = Debug|x64
		{B9D021E6-9568-3E06-A9B7-F8CE4E9488C4}.Debug|x64.Build.0 = Debug|x64
		{B9D021E6-9568-3E06-A9B7-F8CE4E9488C4}.Release|x64.ActiveCfg = Release|x64
		{B9D021E6-9568-3E06-A9B7-F8CE4E9488C4}.Release|x64.Build.0 = Release|x64
		{B9D021E6-9568-3E06-A9B7-F8CE4E9488C4}.MinSizeRel|x64.ActiveCfg = MinSizeRel|x64
		{B9D021E6-9568-3E06-A9B7-F8CE4E9488C4}.MinSizeRel|x64.Build.0 = MinSizeRel|x64
		{B9D021E6-9568-3E06-A9B7-F8CE4E9488C4}.RelWithDebInfo|x64.ActiveCfg = RelWithDebInfo|x64
		{B9D021E6-9568-3E06-A9B7-F8CE4E9488C4}.RelWithDebInfo|x64.Build.0 = RelWithDebInfo|x64
		{816FD75E-A6FC-3EC8-A608-BF8C135CAAD0}.Debug|x64.ActiveCfg = Debug|x64
		{816FD75E-A6FC-3EC8-A608-BF8C135CAAD0}.Debug|x64.Build.0 = Debug|x64
		{816FD75E-A6FC-3EC8-A608-BF8C135CAAD0}.Release|x64.ActiveCfg = Release|x64
		{816FD75E-A6FC-3EC8-A608-BF8C135CAAD0}.Release|x64.Build.0 = Release|x64
		{816FD75E-A6FC-3EC8-A608-BF8C135CAAD0}.MinSizeRel|x64.ActiveCfg = MinSizeRel|x64
		{816FD75E-A6FC-3EC8-A608-BF8C135CAAD0}.MinSizeRel|x64.Build.0 = MinSizeRel|x64
		{816FD75E-A6FC-3EC8-A608-BF8C135CAAD0}.RelWithDebInfo|x64.ActiveCfg = RelWithDebInfo|x64
		{816FD75E-A6FC-3EC8-A608-BF8C135CAAD0}.RelWithDebInfo|x64.Build.0 = RelWithDebInfo|x64
	EndGlobalSection
	GlobalSection(ExtensibilityGlobals) = postSolution
		SolutionGuid = {CAEA4641-CD85-35EE-ACF0-F4399BC0185B}
	EndGlobalSection
	GlobalSection(ExtensibilityAddIns) = postSolution
	EndGlobalSection
EndGlobal
